
Microsoft Visual Studio Solution File, Format Version 12.00
# Visual Studio Version 16
VisualStudioVersion = 16.0.30413.136
MinimumVisualStudioVersion = 10.0.40219.1
Project("{9A19103F-16F7-4668-BE54-9A1E7A4F7556}") = "BusCarrier.WEBAPI", "BusCarrier.WEBAPI\BusCarrier.WEBAPI.csproj", "{AD116820-575A-4B38-8980-8C0E4F4783B4}"
EndProject
Project("{9A19103F-16F7-4668-BE54-9A1E7A4F7556}") = "BusCarrier.BLL", "BusCarrier.BLL\BusCarrier.BLL.csproj", "{F2956E3B-0D48-4863-927E-E31BC625D9AA}"
EndProject
Project("{9A19103F-16F7-4668-BE54-9A1E7A4F7556}") = "BusCarrier.DAL", "BusCarrier.DAL\BusCarrier.DAL.csproj", "{7349EB1D-C844-4F17-89E0-2671B333CB2A}"
EndProject
Project("{9A19103F-16F7-4668-BE54-9A1E7A4F7556}") = "BusCarrier.DependencyRegistrator", "BusCarrier.DependencyRegistrator\BusCarrier.DependencyRegistrator.csproj", "{C912AE4D-9EE7-450D-BBF1-76071B1466D4}"
EndProject
Project("{9A19103F-16F7-4668-BE54-9A1E7A4F7556}") = "BusCarrier.Domain", "BusCarrier.Domain\BusCarrier.Domain.csproj", "{776DE001-D480-4AF8-A491-204F092B1FEA}"
EndProject
Project("{9A19103F-16F7-4668-BE54-9A1E7A4F7556}") = "BusCarrier.WPFClient", "BusCarrier.WPFClient\BusCarrier.WPFClient.csproj", "{F65F5483-F915-4BC1-84AB-F19DCEE43C0A}"
EndProject
Project("{9A19103F-16F7-4668-BE54-9A1E7A4F7556}") = "BusCarrier.WPFClientBLL", "BusCarrier.WPFClientBLL\BusCarrier.WPFClientBLL.csproj", "{275AED98-0877-47DC-A8A7-4F1C41568058}"
EndProject
Project("{FAE04EC0-301F-11D3-BF4B-00C04F79EFBC}") = "BusCarrier.Util", "BusCarrier.Util\BusCarrier.Util.csproj", "{7F9E2D20-1A66-40D9-8646-DF4D3D18EC08}"
EndProject
Global
	GlobalSection(SolutionConfigurationPlatforms) = preSolution
		Debug|Any CPU = Debug|Any CPU
		Release|Any CPU = Release|Any CPU
	EndGlobalSection
	GlobalSection(ProjectConfigurationPlatforms) = postSolution
		{AD116820-575A-4B38-8980-8C0E4F4783B4}.Debug|Any CPU.ActiveCfg = Debug|Any CPU
		{AD116820-575A-4B38-8980-8C0E4F4783B4}.Debug|Any CPU.Build.0 = Debug|Any CPU
		{AD116820-575A-4B38-8980-8C0E4F4783B4}.Release|Any CPU.ActiveCfg = Release|Any CPU
		{AD116820-575A-4B38-8980-8C0E4F4783B4}.Release|Any CPU.Build.0 = Release|Any CPU
		{F2956E3B-0D48-4863-927E-E31BC625D9AA}.Debug|Any CPU.ActiveCfg = Debug|Any CPU
		{F2956E3B-0D48-4863-927E-E31BC625D9AA}.Debug|Any CPU.Build.0 = Debug|Any CPU
		{F2956E3B-0D48-4863-927E-E31BC625D9AA}.Release|Any CPU.ActiveCfg = Release|Any CPU
		{F2956E3B-0D48-4863-927E-E31BC625D9AA}.Release|Any CPU.Build.0 = Release|Any CPU
		{7349EB1D-C844-4F17-89E0-2671B333CB2A}.Debug|Any CPU.ActiveCfg = Debug|Any CPU
		{7349EB1D-C844-4F17-89E0-2671B333CB2A}.Debug|Any CPU.Build.0 = Debug|Any CPU
		{7349EB1D-C844-4F17-89E0-2671B333CB2A}.Release|Any CPU.ActiveCfg = Release|Any CPU
		{7349EB1D-C844-4F17-89E0-2671B333CB2A}.Release|Any CPU.Build.0 = Release|Any CPU
		{C912AE4D-9EE7-450D-BBF1-76071B1466D4}.Debug|Any CPU.ActiveCfg = Debug|Any CPU
		{C912AE4D-9EE7-450D-BBF1-76071B1466D4}.Debug|Any CPU.Build.0 = Debug|Any CPU
		{C912AE4D-9EE7-450D-BBF1-76071B1466D4}.Release|Any CPU.ActiveCfg = Release|Any CPU
		{C912AE4D-9EE7-450D-BBF1-76071B1466D4}.Release|Any CPU.Build.0 = Release|Any CPU
		{776DE001-D480-4AF8-A491-204F092B1FEA}.Debug|Any CPU.ActiveCfg = Debug|Any CPU
		{776DE001-D480-4AF8-A491-204F092B1FEA}.Debug|Any CPU.Build.0 = Debug|Any CPU
		{776DE001-D480-4AF8-A491-204F092B1FEA}.Release|Any CPU.ActiveCfg = Release|Any CPU
		{776DE001-D480-4AF8-A491-204F092B1FEA}.Release|Any CPU.Build.0 = Release|Any CPU
		{F65F5483-F915-4BC1-84AB-F19DCEE43C0A}.Debug|Any CPU.ActiveCfg = Debug|Any CPU
		{F65F5483-F915-4BC1-84AB-F19DCEE43C0A}.Debug|Any CPU.Build.0 = Debug|Any CPU
		{F65F5483-F915-4BC1-84AB-F19DCEE43C0A}.Release|Any CPU.ActiveCfg = Release|Any CPU
		{F65F5483-F915-4BC1-84AB-F19DCEE43C0A}.Release|Any CPU.Build.0 = Release|Any CPU
		{275AED98-0877-47DC-A8A7-4F1C41568058}.Debug|Any CPU.ActiveCfg = Debug|Any CPU
		{275AED98-0877-47DC-A8A7-4F1C41568058}.Debug|Any CPU.Build.0 = Debug|Any CPU
		{275AED98-0877-47DC-A8A7-4F1C41568058}.Release|Any CPU.ActiveCfg = Release|Any CPU
		{275AED98-0877-47DC-A8A7-4F1C41568058}.Release|Any CPU.Build.0 = Release|Any CPU
		{7F9E2D20-1A66-40D9-8646-DF4D3D18EC08}.Debug|Any CPU.ActiveCfg = Debug|Any CPU
		{7F9E2D20-1A66-40D9-8646-DF4D3D18EC08}.Debug|Any CPU.Build.0 = Debug|Any CPU
		{7F9E2D20-1A66-40D9-8646-DF4D3D18EC08}.Release|Any CPU.ActiveCfg = Release|Any CPU
		{7F9E2D20-1A66-40D9-8646-DF4D3D18EC08}.Release|Any CPU.Build.0 = Release|Any CPU
	EndGlobalSection
	GlobalSection(SolutionProperties) = preSolution
		HideSolutionNode = FALSE
	EndGlobalSection
	GlobalSection(ExtensibilityGlobals) = postSolution
		SolutionGuid = {86C614A9-0D1D-4F7E-993D-2F83A7214B1C}
	EndGlobalSection
EndGlobal
