
Microsoft Visual Studio Solution File, Format Version 12.00
# Visual Studio Version 16
VisualStudioVersion = 16.0.30413.136
MinimumVisualStudioVersion = 10.0.40219.1
Project("{FAE04EC0-301F-11D3-BF4B-00C04F79EFBC}") = "CarStore.WEB", "CarStore.WEB\CarStore.WEB.csproj", "{74DCB6C0-D528-41CA-A29F-2E0A359F8880}"
EndProject
Global
	GlobalSection(SolutionConfigurationPlatforms) = preSolution
		Debug|Any CPU = Debug|Any CPU
		Release|Any CPU = Release|Any CPU
	EndGlobalSection
	GlobalSection(ProjectConfigurationPlatforms) = postSolution
		{74DCB6C0-D528-41CA-A29F-2E0A359F8880}.Debug|Any CPU.ActiveCfg = Debug|Any CPU
		{74DCB6C0-D528-41CA-A29F-2E0A359F8880}.Debug|Any CPU.Build.0 = Debug|Any CPU
		{74DCB6C0-D528-41CA-A29F-2E0A359F8880}.Release|Any CPU.ActiveCfg = Release|Any CPU
		{74DCB6C0-D528-41CA-A29F-2E0A359F8880}.Release|Any CPU.Build.0 = Release|Any CPU
	EndGlobalSection
	GlobalSection(SolutionProperties) = preSolution
		HideSolutionNode = FALSE
	EndGlobalSection
	GlobalSection(ExtensibilityGlobals) = postSolution
		SolutionGuid = {06B2AC47-D468-453C-9CE8-3A4BF9F1C388}
	EndGlobalSection
EndGlobal
